// !$*UTF8*$!
{
	archiveVersion = 1;
	classes = {
	};
	objectVersion = 46;
	objects = {

/* Begin PBXBuildFile section */
		035BC84A1DABA020006CA9BE /* UIImageColors.h in Headers */ = {isa = PBXBuildFile; fileRef = 035BC8491DABA020006CA9BE /* UIImageColors.h */; settings = {ATTRIBUTES = (Public, ); }; };
		035BC84C1DABA027006CA9BE /* UIImageColors.swift in Sources */ = {isa = PBXBuildFile; fileRef = 035BC84B1DABA027006CA9BE /* UIImageColors.swift */; };
		8709D06E1FDC762E0007E717 /* AlbumViewCell.swift in Sources */ = {isa = PBXBuildFile; fileRef = 8709D06D1FDC762E0007E717 /* AlbumViewCell.swift */; };
		871ED4461FD0B2E50062BC12 /* Foundation.framework in Frameworks */ = {isa = PBXBuildFile; fileRef = 871ED4451FD0B2DC0062BC12 /* Foundation.framework */; };
		871ED4471FD0B2EF0062BC12 /* Foundation.framework in Frameworks */ = {isa = PBXBuildFile; fileRef = 871ED4451FD0B2DC0062BC12 /* Foundation.framework */; };
		871ED4481FD0C12F0062BC12 /* UIImageColors.framework in Frameworks */ = {isa = PBXBuildFile; fileRef = 035BC83D1DAB9FED006CA9BE /* UIImageColors.framework */; };
		871ED4491FD0C12F0062BC12 /* UIImageColors.framework in Embed Frameworks */ = {isa = PBXBuildFile; fileRef = 035BC83D1DAB9FED006CA9BE /* UIImageColors.framework */; settings = {ATTRIBUTES = (CodeSignOnCopy, RemoveHeadersOnCopy, ); }; };
		87A73EC81FD0913A00EE147D /* AppDelegate.swift in Sources */ = {isa = PBXBuildFile; fileRef = 87A73EC71FD0913A00EE147D /* AppDelegate.swift */; };
		87A73ECA1FD0913A00EE147D /* ViewController.swift in Sources */ = {isa = PBXBuildFile; fileRef = 87A73EC91FD0913A00EE147D /* ViewController.swift */; };
		87A73ECD1FD0913A00EE147D /* Main.storyboard in Resources */ = {isa = PBXBuildFile; fileRef = 87A73ECB1FD0913A00EE147D /* Main.storyboard */; };
		87A73ECF1FD0913A00EE147D /* Assets.xcassets in Resources */ = {isa = PBXBuildFile; fileRef = 87A73ECE1FD0913A00EE147D /* Assets.xcassets */; };
		87A73ED21FD0913A00EE147D /* LaunchScreen.storyboard in Resources */ = {isa = PBXBuildFile; fileRef = 87A73ED01FD0913A00EE147D /* LaunchScreen.storyboard */; };
		87A73ED81FD092CD00EE147D /* Album.swift in Sources */ = {isa = PBXBuildFile; fileRef = 87A73ED71FD092CD00EE147D /* Album.swift */; };
		B57E060F21F484E0001D5009 /* NSImageColors.h in Headers */ = {isa = PBXBuildFile; fileRef = B57E060D21F484E0001D5009 /* NSImageColors.h */; settings = {ATTRIBUTES = (Public, ); }; };
		B57E061721F48517001D5009 /* UIImageColors.swift in Sources */ = {isa = PBXBuildFile; fileRef = 035BC84B1DABA027006CA9BE /* UIImageColors.swift */; };
		B57E061821F4851B001D5009 /* UIImageColors.h in Headers */ = {isa = PBXBuildFile; fileRef = 035BC8491DABA020006CA9BE /* UIImageColors.h */; settings = {ATTRIBUTES = (Public, ); }; };
/* End PBXBuildFile section */

/* Begin PBXContainerItemProxy section */
		871ED44A1FD0C12F0062BC12 /* PBXContainerItemProxy */ = {
			isa = PBXContainerItemProxy;
			containerPortal = 035BC8341DAB9FED006CA9BE /* Project object */;
			proxyType = 1;
			remoteGlobalIDString = 035BC83C1DAB9FED006CA9BE;
			remoteInfo = UIImageColors;
		};
/* End PBXContainerItemProxy section */

/* Begin PBXCopyFilesBuildPhase section */
		871ED44C1FD0C12F0062BC12 /* Embed Frameworks */ = {
			isa = PBXCopyFilesBuildPhase;
			buildActionMask = 2147483647;
			dstPath = "";
			dstSubfolderSpec = 10;
			files = (
				871ED4491FD0C12F0062BC12 /* UIImageColors.framework in Embed Frameworks */,
			);
			name = "Embed Frameworks";
			runOnlyForDeploymentPostprocessing = 0;
		};
/* End PBXCopyFilesBuildPhase section */

/* Begin PBXFileReference section */
		035BC83D1DAB9FED006CA9BE /* UIImageColors.framework */ = {isa = PBXFileReference; explicitFileType = wrapper.framework; includeInIndex = 0; path = UIImageColors.framework; sourceTree = BUILT_PRODUCTS_DIR; };
		035BC8491DABA020006CA9BE /* UIImageColors.h */ = {isa = PBXFileReference; fileEncoding = 4; lastKnownFileType = sourcecode.c.h; path = UIImageColors.h; sourceTree = "<group>"; };
		035BC84B1DABA027006CA9BE /* UIImageColors.swift */ = {isa = PBXFileReference; fileEncoding = 4; lastKnownFileType = sourcecode.swift; path = UIImageColors.swift; sourceTree = "<group>"; };
		035BC84E1DABA02E006CA9BE /* Info.plist */ = {isa = PBXFileReference; fileEncoding = 4; lastKnownFileType = text.plist.xml; path = Info.plist; sourceTree = "<group>"; };
		8709D06D1FDC762E0007E717 /* AlbumViewCell.swift */ = {isa = PBXFileReference; lastKnownFileType = sourcecode.swift; path = AlbumViewCell.swift; sourceTree = "<group>"; };
		871ED4451FD0B2DC0062BC12 /* Foundation.framework */ = {isa = PBXFileReference; lastKnownFileType = wrapper.framework; name = Foundation.framework; path = System/Library/Frameworks/Foundation.framework; sourceTree = SDKROOT; };
		87A73EC51FD0913A00EE147D /* UIImageColorsExample.app */ = {isa = PBXFileReference; explicitFileType = wrapper.application; includeInIndex = 0; path = UIImageColorsExample.app; sourceTree = BUILT_PRODUCTS_DIR; };
		87A73EC71FD0913A00EE147D /* AppDelegate.swift */ = {isa = PBXFileReference; lastKnownFileType = sourcecode.swift; path = AppDelegate.swift; sourceTree = "<group>"; };
		87A73EC91FD0913A00EE147D /* ViewController.swift */ = {isa = PBXFileReference; lastKnownFileType = sourcecode.swift; path = ViewController.swift; sourceTree = "<group>"; };
		87A73ECC1FD0913A00EE147D /* Base */ = {isa = PBXFileReference; lastKnownFileType = file.storyboard; name = Base; path = Base.lproj/Main.storyboard; sourceTree = "<group>"; };
		87A73ECE1FD0913A00EE147D /* Assets.xcassets */ = {isa = PBXFileReference; lastKnownFileType = folder.assetcatalog; path = Assets.xcassets; sourceTree = "<group>"; };
		87A73ED11FD0913A00EE147D /* Base */ = {isa = PBXFileReference; lastKnownFileType = file.storyboard; name = Base; path = Base.lproj/LaunchScreen.storyboard; sourceTree = "<group>"; };
		87A73ED31FD0913A00EE147D /* Info.plist */ = {isa = PBXFileReference; lastKnownFileType = text.plist.xml; path = Info.plist; sourceTree = "<group>"; };
		87A73ED71FD092CD00EE147D /* Album.swift */ = {isa = PBXFileReference; lastKnownFileType = sourcecode.swift; path = Album.swift; sourceTree = "<group>"; };
		B57E060B21F484E0001D5009 /* NSImageColors.framework */ = {isa = PBXFileReference; explicitFileType = wrapper.framework; includeInIndex = 0; path = NSImageColors.framework; sourceTree = BUILT_PRODUCTS_DIR; };
		B57E060D21F484E0001D5009 /* NSImageColors.h */ = {isa = PBXFileReference; lastKnownFileType = sourcecode.c.h; path = NSImageColors.h; sourceTree = "<group>"; };
		B57E060E21F484E0001D5009 /* Info.plist */ = {isa = PBXFileReference; lastKnownFileType = text.plist.xml; path = Info.plist; sourceTree = "<group>"; };
/* End PBXFileReference section */

/* Begin PBXFrameworksBuildPhase section */
		035BC8391DAB9FED006CA9BE /* Frameworks */ = {
			isa = PBXFrameworksBuildPhase;
			buildActionMask = 2147483647;
			files = (
				871ED4461FD0B2E50062BC12 /* Foundation.framework in Frameworks */,
			);
			runOnlyForDeploymentPostprocessing = 0;
		};
		87A73EC21FD0913A00EE147D /* Frameworks */ = {
			isa = PBXFrameworksBuildPhase;
			buildActionMask = 2147483647;
			files = (
				871ED4481FD0C12F0062BC12 /* UIImageColors.framework in Frameworks */,
				871ED4471FD0B2EF0062BC12 /* Foundation.framework in Frameworks */,
			);
			runOnlyForDeploymentPostprocessing = 0;
		};
		B57E060821F484E0001D5009 /* Frameworks */ = {
			isa = PBXFrameworksBuildPhase;
			buildActionMask = 2147483647;
			files = (
			);
			runOnlyForDeploymentPostprocessing = 0;
		};
/* End PBXFrameworksBuildPhase section */

/* Begin PBXGroup section */
		035BC8331DAB9FED006CA9BE = {
			isa = PBXGroup;
			children = (
				B57E05F121F48157001D5009 /* UIImageColors */,
				87A73EC61FD0913A00EE147D /* UIImageColorsExample */,
				B57E060C21F484E0001D5009 /* NSImageColors */,
				035BC83E1DAB9FED006CA9BE /* Products */,
				871ED4441FD0B2DC0062BC12 /* Frameworks */,
			);
			sourceTree = "<group>";
		};
		035BC83E1DAB9FED006CA9BE /* Products */ = {
			isa = PBXGroup;
			children = (
				035BC83D1DAB9FED006CA9BE /* UIImageColors.framework */,
				87A73EC51FD0913A00EE147D /* UIImageColorsExample.app */,
				B57E060B21F484E0001D5009 /* NSImageColors.framework */,
			);
			name = Products;
			sourceTree = "<group>";
		};
		035BC8481DABA020006CA9BE /* Sources */ = {
			isa = PBXGroup;
			children = (
				035BC8491DABA020006CA9BE /* UIImageColors.h */,
				035BC84B1DABA027006CA9BE /* UIImageColors.swift */,
			);
			name = Sources;
			path = UIImageColors/Sources;
			sourceTree = SOURCE_ROOT;
		};
		035BC84D1DABA02E006CA9BE /* Supporting Files */ = {
			isa = PBXGroup;
			children = (
				035BC84E1DABA02E006CA9BE /* Info.plist */,
			);
			name = "Supporting Files";
			path = "UIImageColors/Supporting Files";
			sourceTree = SOURCE_ROOT;
		};
		871ED4441FD0B2DC0062BC12 /* Frameworks */ = {
			isa = PBXGroup;
			children = (
				871ED4451FD0B2DC0062BC12 /* Foundation.framework */,
			);
			name = Frameworks;
			sourceTree = "<group>";
		};
		87A73EC61FD0913A00EE147D /* UIImageColorsExample */ = {
			isa = PBXGroup;
			children = (
				87A73EC71FD0913A00EE147D /* AppDelegate.swift */,
				87A73EC91FD0913A00EE147D /* ViewController.swift */,
				8709D06D1FDC762E0007E717 /* AlbumViewCell.swift */,
				87A73ED71FD092CD00EE147D /* Album.swift */,
				87A73ECB1FD0913A00EE147D /* Main.storyboard */,
				87A73ECE1FD0913A00EE147D /* Assets.xcassets */,
				87A73ED01FD0913A00EE147D /* LaunchScreen.storyboard */,
				87A73ED31FD0913A00EE147D /* Info.plist */,
			);
			path = UIImageColorsExample;
			sourceTree = "<group>";
		};
		B57E05F121F48157001D5009 /* UIImageColors */ = {
			isa = PBXGroup;
			children = (
				035BC8481DABA020006CA9BE /* Sources */,
				035BC84D1DABA02E006CA9BE /* Supporting Files */,
			);
			path = UIImageColors;
			sourceTree = "<group>";
		};
		B57E060C21F484E0001D5009 /* NSImageColors */ = {
			isa = PBXGroup;
			children = (
				B57E060D21F484E0001D5009 /* NSImageColors.h */,
				B57E060E21F484E0001D5009 /* Info.plist */,
			);
			path = NSImageColors;
			sourceTree = "<group>";
		};
/* End PBXGroup section */

/* Begin PBXHeadersBuildPhase section */
		035BC83A1DAB9FED006CA9BE /* Headers */ = {
			isa = PBXHeadersBuildPhase;
			buildActionMask = 2147483647;
			files = (
				035BC84A1DABA020006CA9BE /* UIImageColors.h in Headers */,
			);
			runOnlyForDeploymentPostprocessing = 0;
		};
		B57E060621F484E0001D5009 /* Headers */ = {
			isa = PBXHeadersBuildPhase;
			buildActionMask = 2147483647;
			files = (
				B57E061821F4851B001D5009 /* UIImageColors.h in Headers */,
				B57E060F21F484E0001D5009 /* NSImageColors.h in Headers */,
			);
			runOnlyForDeploymentPostprocessing = 0;
		};
/* End PBXHeadersBuildPhase section */

/* Begin PBXNativeTarget section */
		035BC83C1DAB9FED006CA9BE /* UIImageColors */ = {
			isa = PBXNativeTarget;
			buildConfigurationList = 035BC8451DAB9FED006CA9BE /* Build configuration list for PBXNativeTarget "UIImageColors" */;
			buildPhases = (
				035BC8381DAB9FED006CA9BE /* Sources */,
				035BC8391DAB9FED006CA9BE /* Frameworks */,
				035BC83A1DAB9FED006CA9BE /* Headers */,
				035BC83B1DAB9FED006CA9BE /* Resources */,
			);
			buildRules = (
			);
			dependencies = (
			);
			name = UIImageColors;
			productName = UIImageColors;
			productReference = 035BC83D1DAB9FED006CA9BE /* UIImageColors.framework */;
			productType = "com.apple.product-type.framework";
		};
		87A73EC41FD0913A00EE147D /* UIImageColorsExample */ = {
			isa = PBXNativeTarget;
			buildConfigurationList = 87A73ED61FD0913A00EE147D /* Build configuration list for PBXNativeTarget "UIImageColorsExample" */;
			buildPhases = (
				87A73EC11FD0913A00EE147D /* Sources */,
				87A73EC21FD0913A00EE147D /* Frameworks */,
				87A73EC31FD0913A00EE147D /* Resources */,
				871ED44C1FD0C12F0062BC12 /* Embed Frameworks */,
			);
			buildRules = (
			);
			dependencies = (
				871ED44B1FD0C12F0062BC12 /* PBXTargetDependency */,
			);
			name = UIImageColorsExample;
			productName = UIImageColorsExample;
			productReference = 87A73EC51FD0913A00EE147D /* UIImageColorsExample.app */;
			productType = "com.apple.product-type.application";
		};
		B57E060A21F484E0001D5009 /* NSImageColors */ = {
			isa = PBXNativeTarget;
			buildConfigurationList = B57E061421F484E0001D5009 /* Build configuration list for PBXNativeTarget "NSImageColors" */;
			buildPhases = (
				B57E060621F484E0001D5009 /* Headers */,
				B57E060721F484E0001D5009 /* Sources */,
				B57E060821F484E0001D5009 /* Frameworks */,
				B57E060921F484E0001D5009 /* Resources */,
			);
			buildRules = (
			);
			dependencies = (
			);
			name = NSImageColors;
			productName = NSImageColors;
			productReference = B57E060B21F484E0001D5009 /* NSImageColors.framework */;
			productType = "com.apple.product-type.framework";
		};
/* End PBXNativeTarget section */

/* Begin PBXProject section */
		035BC8341DAB9FED006CA9BE /* Project object */ = {
			isa = PBXProject;
			attributes = {
				LastSwiftUpdateCheck = 1010;
				LastUpgradeCheck = 1020;
				ORGANIZATIONNAME = "Jathu Satkunarajah";
				TargetAttributes = {
					035BC83C1DAB9FED006CA9BE = {
						CreatedOnToolsVersion = 8.0;
						LastSwiftMigration = 1020;
						ProvisioningStyle = Automatic;
					};
					87A73EC41FD0913A00EE147D = {
						CreatedOnToolsVersion = 9.1;
						LastSwiftMigration = 1010;
						ProvisioningStyle = Automatic;
					};
					B57E060A21F484E0001D5009 = {
						CreatedOnToolsVersion = 10.1;
						ProvisioningStyle = Automatic;
					};
				};
			};
			buildConfigurationList = 035BC8371DAB9FED006CA9BE /* Build configuration list for PBXProject "UIImageColors" */;
			compatibilityVersion = "Xcode 3.2";
			developmentRegion = en;
			hasScannedForEncodings = 0;
			knownRegions = (
				en,
				Base,
			);
			mainGroup = 035BC8331DAB9FED006CA9BE;
			productRefGroup = 035BC83E1DAB9FED006CA9BE /* Products */;
			projectDirPath = "";
			projectRoot = "";
			targets = (
				035BC83C1DAB9FED006CA9BE /* UIImageColors */,
				B57E060A21F484E0001D5009 /* NSImageColors */,
				87A73EC41FD0913A00EE147D /* UIImageColorsExample */,
			);
		};
/* End PBXProject section */

/* Begin PBXResourcesBuildPhase section */
		035BC83B1DAB9FED006CA9BE /* Resources */ = {
			isa = PBXResourcesBuildPhase;
			buildActionMask = 2147483647;
			files = (
			);
			runOnlyForDeploymentPostprocessing = 0;
		};
		87A73EC31FD0913A00EE147D /* Resources */ = {
			isa = PBXResourcesBuildPhase;
			buildActionMask = 2147483647;
			files = (
				87A73ED21FD0913A00EE147D /* LaunchScreen.storyboard in Resources */,
				87A73ECF1FD0913A00EE147D /* Assets.xcassets in Resources */,
				87A73ECD1FD0913A00EE147D /* Main.storyboard in Resources */,
			);
			runOnlyForDeploymentPostprocessing = 0;
		};
		B57E060921F484E0001D5009 /* Resources */ = {
			isa = PBXResourcesBuildPhase;
			buildActionMask = 2147483647;
			files = (
			);
			runOnlyForDeploymentPostprocessing = 0;
		};
/* End PBXResourcesBuildPhase section */

/* Begin PBXSourcesBuildPhase section */
		035BC8381DAB9FED006CA9BE /* Sources */ = {
			isa = PBXSourcesBuildPhase;
			buildActionMask = 2147483647;
			files = (
				035BC84C1DABA027006CA9BE /* UIImageColors.swift in Sources */,
			);
			runOnlyForDeploymentPostprocessing = 0;
		};
		87A73EC11FD0913A00EE147D /* Sources */ = {
			isa = PBXSourcesBuildPhase;
			buildActionMask = 2147483647;
			files = (
				87A73ECA1FD0913A00EE147D /* ViewController.swift in Sources */,
				87A73EC81FD0913A00EE147D /* AppDelegate.swift in Sources */,
				8709D06E1FDC762E0007E717 /* AlbumViewCell.swift in Sources */,
				87A73ED81FD092CD00EE147D /* Album.swift in Sources */,
			);
			runOnlyForDeploymentPostprocessing = 0;
		};
		B57E060721F484E0001D5009 /* Sources */ = {
			isa = PBXSourcesBuildPhase;
			buildActionMask = 2147483647;
			files = (
				B57E061721F48517001D5009 /* UIImageColors.swift in Sources */,
			);
			runOnlyForDeploymentPostprocessing = 0;
		};
/* End PBXSourcesBuildPhase section */

/* Begin PBXTargetDependency section */
		871ED44B1FD0C12F0062BC12 /* PBXTargetDependency */ = {
			isa = PBXTargetDependency;
			target = 035BC83C1DAB9FED006CA9BE /* UIImageColors */;
			targetProxy = 871ED44A1FD0C12F0062BC12 /* PBXContainerItemProxy */;
		};
/* End PBXTargetDependency section */

/* Begin PBXVariantGroup section */
		87A73ECB1FD0913A00EE147D /* Main.storyboard */ = {
			isa = PBXVariantGroup;
			children = (
				87A73ECC1FD0913A00EE147D /* Base */,
			);
			name = Main.storyboard;
			sourceTree = "<group>";
		};
		87A73ED01FD0913A00EE147D /* LaunchScreen.storyboard */ = {
			isa = PBXVariantGroup;
			children = (
				87A73ED11FD0913A00EE147D /* Base */,
			);
			name = LaunchScreen.storyboard;
			sourceTree = "<group>";
		};
/* End PBXVariantGroup section */

/* Begin XCBuildConfiguration section */
		035BC8431DAB9FED006CA9BE /* Debug */ = {
			isa = XCBuildConfiguration;
			buildSettings = {
				ALWAYS_SEARCH_USER_PATHS = NO;
				CLANG_ANALYZER_LOCALIZABILITY_NONLOCALIZED = YES;
				CLANG_ANALYZER_NONNULL = YES;
				CLANG_CXX_LANGUAGE_STANDARD = "gnu++0x";
				CLANG_CXX_LIBRARY = "libc++";
				CLANG_ENABLE_MODULES = YES;
				CLANG_ENABLE_OBJC_ARC = YES;
				CLANG_WARN_BLOCK_CAPTURE_AUTORELEASING = YES;
				CLANG_WARN_BOOL_CONVERSION = YES;
				CLANG_WARN_COMMA = YES;
				CLANG_WARN_CONSTANT_CONVERSION = YES;
				CLANG_WARN_DEPRECATED_OBJC_IMPLEMENTATIONS = YES;
				CLANG_WARN_DIRECT_OBJC_ISA_USAGE = YES_ERROR;
				CLANG_WARN_DOCUMENTATION_COMMENTS = YES;
				CLANG_WARN_EMPTY_BODY = YES;
				CLANG_WARN_ENUM_CONVERSION = YES;
				CLANG_WARN_INFINITE_RECURSION = YES;
				CLANG_WARN_INT_CONVERSION = YES;
				CLANG_WARN_NON_LITERAL_NULL_CONVERSION = YES;
				CLANG_WARN_OBJC_IMPLICIT_RETAIN_SELF = YES;
				CLANG_WARN_OBJC_LITERAL_CONVERSION = YES;
				CLANG_WARN_OBJC_ROOT_CLASS = YES_ERROR;
				CLANG_WARN_RANGE_LOOP_ANALYSIS = YES;
				CLANG_WARN_STRICT_PROTOTYPES = YES;
				CLANG_WARN_SUSPICIOUS_MOVE = YES;
				CLANG_WARN_SUSPICIOUS_MOVES = YES;
				CLANG_WARN_UNREACHABLE_CODE = YES;
				CLANG_WARN__DUPLICATE_METHOD_MATCH = YES;
				"CODE_SIGN_IDENTITY[sdk=iphoneos*]" = "iPhone Developer";
				COPY_PHASE_STRIP = NO;
				CURRENT_PROJECT_VERSION = 1;
				DEBUG_INFORMATION_FORMAT = dwarf;
				ENABLE_STRICT_OBJC_MSGSEND = YES;
				ENABLE_TESTABILITY = YES;
				GCC_C_LANGUAGE_STANDARD = gnu99;
				GCC_DYNAMIC_NO_PIC = NO;
				GCC_NO_COMMON_BLOCKS = YES;
				GCC_OPTIMIZATION_LEVEL = 0;
				GCC_PREPROCESSOR_DEFINITIONS = (
					"DEBUG=1",
					"$(inherited)",
				);
				GCC_WARN_64_TO_32_BIT_CONVERSION = YES;
				GCC_WARN_ABOUT_RETURN_TYPE = YES_ERROR;
				GCC_WARN_UNDECLARED_SELECTOR = YES;
				GCC_WARN_UNINITIALIZED_AUTOS = YES_AGGRESSIVE;
				GCC_WARN_UNUSED_FUNCTION = YES;
				GCC_WARN_UNUSED_VARIABLE = YES;
				IPHONEOS_DEPLOYMENT_TARGET = 8.0;
				MTL_ENABLE_DEBUG_INFO = YES;
				ONLY_ACTIVE_ARCH = YES;
				SDKROOT = iphoneos;
				SWIFT_ACTIVE_COMPILATION_CONDITIONS = DEBUG;
				SWIFT_OPTIMIZATION_LEVEL = "-Onone";
				TARGETED_DEVICE_FAMILY = "1,2";
				VERSIONING_SYSTEM = "apple-generic";
				VERSION_INFO_PREFIX = "";
			};
			name = Debug;
		};
		035BC8441DAB9FED006CA9BE /* Release */ = {
			isa = XCBuildConfiguration;
			buildSettings = {
				ALWAYS_SEARCH_USER_PATHS = NO;
				CLANG_ANALYZER_LOCALIZABILITY_NONLOCALIZED = YES;
				CLANG_ANALYZER_NONNULL = YES;
				CLANG_CXX_LANGUAGE_STANDARD = "gnu++0x";
				CLANG_CXX_LIBRARY = "libc++";
				CLANG_ENABLE_MODULES = YES;
				CLANG_ENABLE_OBJC_ARC = YES;
				CLANG_WARN_BLOCK_CAPTURE_AUTORELEASING = YES;
				CLANG_WARN_BOOL_CONVERSION = YES;
				CLANG_WARN_COMMA = YES;
				CLANG_WARN_CONSTANT_CONVERSION = YES;
				CLANG_WARN_DEPRECATED_OBJC_IMPLEMENTATIONS = YES;
				CLANG_WARN_DIRECT_OBJC_ISA_USAGE = YES_ERROR;
				CLANG_WARN_DOCUMENTATION_COMMENTS = YES;
				CLANG_WARN_EMPTY_BODY = YES;
				CLANG_WARN_ENUM_CONVERSION = YES;
				CLANG_WARN_INFINITE_RECURSION = YES;
				CLANG_WARN_INT_CONVERSION = YES;
				CLANG_WARN_NON_LITERAL_NULL_CONVERSION = YES;
				CLANG_WARN_OBJC_IMPLICIT_RETAIN_SELF = YES;
				CLANG_WARN_OBJC_LITERAL_CONVERSION = YES;
				CLANG_WARN_OBJC_ROOT_CLASS = YES_ERROR;
				CLANG_WARN_RANGE_LOOP_ANALYSIS = YES;
				CLANG_WARN_STRICT_PROTOTYPES = YES;
				CLANG_WARN_SUSPICIOUS_MOVE = YES;
				CLANG_WARN_SUSPICIOUS_MOVES = YES;
				CLANG_WARN_UNREACHABLE_CODE = YES;
				CLANG_WARN__DUPLICATE_METHOD_MATCH = YES;
				"CODE_SIGN_IDENTITY[sdk=iphoneos*]" = "iPhone Developer";
				COPY_PHASE_STRIP = NO;
				CURRENT_PROJECT_VERSION = 1;
				DEBUG_INFORMATION_FORMAT = "dwarf-with-dsym";
				ENABLE_NS_ASSERTIONS = NO;
				ENABLE_STRICT_OBJC_MSGSEND = YES;
				GCC_C_LANGUAGE_STANDARD = gnu99;
				GCC_NO_COMMON_BLOCKS = YES;
				GCC_WARN_64_TO_32_BIT_CONVERSION = YES;
				GCC_WARN_ABOUT_RETURN_TYPE = YES_ERROR;
				GCC_WARN_UNDECLARED_SELECTOR = YES;
				GCC_WARN_UNINITIALIZED_AUTOS = YES_AGGRESSIVE;
				GCC_WARN_UNUSED_FUNCTION = YES;
				GCC_WARN_UNUSED_VARIABLE = YES;
				IPHONEOS_DEPLOYMENT_TARGET = 8.0;
				MTL_ENABLE_DEBUG_INFO = NO;
				SDKROOT = iphoneos;
				SWIFT_OPTIMIZATION_LEVEL = "-Owholemodule";
				TARGETED_DEVICE_FAMILY = "1,2";
				VALIDATE_PRODUCT = YES;
				VERSIONING_SYSTEM = "apple-generic";
				VERSION_INFO_PREFIX = "";
			};
			name = Release;
		};
		035BC8461DAB9FED006CA9BE /* Debug */ = {
			isa = XCBuildConfiguration;
			buildSettings = {
				CLANG_ENABLE_MODULES = YES;
				CODE_SIGN_IDENTITY = "";
				DEFINES_MODULE = YES;
				DEVELOPMENT_TEAM = "";
				DYLIB_COMPATIBILITY_VERSION = 1;
				DYLIB_CURRENT_VERSION = 1;
				DYLIB_INSTALL_NAME_BASE = "@rpath";
				INFOPLIST_FILE = "$(SRCROOT)/UIImageColors/Supporting Files/Info.plist";
				INSTALL_PATH = "$(LOCAL_LIBRARY_DIR)/Frameworks";
				LD_RUNPATH_SEARCH_PATHS = "$(inherited) @executable_path/Frameworks @loader_path/Frameworks";
				PRODUCT_BUNDLE_IDENTIFIER = me.jathu.UIImageColors;
				PRODUCT_NAME = "$(TARGET_NAME)";
				SKIP_INSTALL = YES;
				SWIFT_OPTIMIZATION_LEVEL = "-Onone";
				SWIFT_VERSION = 5.0;
			};
			name = Debug;
		};
		035BC8471DAB9FED006CA9BE /* Release */ = {
			isa = XCBuildConfiguration;
			buildSettings = {
				CLANG_ENABLE_MODULES = YES;
				CODE_SIGN_IDENTITY = "";
				DEFINES_MODULE = YES;
				DEVELOPMENT_TEAM = "";
				DYLIB_COMPATIBILITY_VERSION = 1;
				DYLIB_CURRENT_VERSION = 1;
				DYLIB_INSTALL_NAME_BASE = "@rpath";
				INFOPLIST_FILE = "$(SRCROOT)/UIImageColors/Supporting Files/Info.plist";
				INSTALL_PATH = "$(LOCAL_LIBRARY_DIR)/Frameworks";
				LD_RUNPATH_SEARCH_PATHS = "$(inherited) @executable_path/Frameworks @loader_path/Frameworks";
				PRODUCT_BUNDLE_IDENTIFIER = me.jathu.UIImageColors;
				PRODUCT_NAME = "$(TARGET_NAME)";
				SKIP_INSTALL = YES;
				SWIFT_VERSION = 5.0;
			};
			name = Release;
		};
		87A73ED41FD0913A00EE147D /* Debug */ = {
			isa = XCBuildConfiguration;
			buildSettings = {
				ALWAYS_EMBED_SWIFT_STANDARD_LIBRARIES = YES;
				ASSETCATALOG_COMPILER_APPICON_NAME = AppIcon;
				CLANG_ANALYZER_NUMBER_OBJECT_CONVERSION = YES_AGGRESSIVE;
				CLANG_CXX_LANGUAGE_STANDARD = "gnu++14";
				CLANG_WARN_BLOCK_CAPTURE_AUTORELEASING = YES;
				CLANG_WARN_COMMA = YES;
				CLANG_WARN_NON_LITERAL_NULL_CONVERSION = YES;
				CLANG_WARN_OBJC_LITERAL_CONVERSION = YES;
				CLANG_WARN_RANGE_LOOP_ANALYSIS = YES;
				CLANG_WARN_STRICT_PROTOTYPES = YES;
				CLANG_WARN_SUSPICIOUS_MOVE = YES;
				CLANG_WARN_UNGUARDED_AVAILABILITY = YES_AGGRESSIVE;
				CODE_SIGN_IDENTITY = "iPhone Developer";
				CODE_SIGN_STYLE = Automatic;
				DEVELOPMENT_TEAM = "";
				GCC_C_LANGUAGE_STANDARD = gnu11;
				INFOPLIST_FILE = UIImageColorsExample/Info.plist;
				IPHONEOS_DEPLOYMENT_TARGET = 11.1;
				LD_RUNPATH_SEARCH_PATHS = "$(inherited) @executable_path/Frameworks";
				PRODUCT_BUNDLE_IDENTIFIER = com.jathu.UIImageColorsExample;
				PRODUCT_NAME = "$(TARGET_NAME)";
				SWIFT_SWIFT3_OBJC_INFERENCE = Default;
				SWIFT_VERSION = 4.2;
				TARGETED_DEVICE_FAMILY = "1,2";
			};
			name = Debug;
		};
		87A73ED51FD0913A00EE147D /* Release */ = {
			isa = XCBuildConfiguration;
			buildSettings = {
				ALWAYS_EMBED_SWIFT_STANDARD_LIBRARIES = YES;
				ASSETCATALOG_COMPILER_APPICON_NAME = AppIcon;
				CLANG_ANALYZER_NUMBER_OBJECT_CONVERSION = YES_AGGRESSIVE;
				CLANG_CXX_LANGUAGE_STANDARD = "gnu++14";
				CLANG_WARN_BLOCK_CAPTURE_AUTORELEASING = YES;
				CLANG_WARN_COMMA = YES;
				CLANG_WARN_NON_LITERAL_NULL_CONVERSION = YES;
				CLANG_WARN_OBJC_LITERAL_CONVERSION = YES;
				CLANG_WARN_RANGE_LOOP_ANALYSIS = YES;
				CLANG_WARN_STRICT_PROTOTYPES = YES;
				CLANG_WARN_SUSPICIOUS_MOVE = YES;
				CLANG_WARN_UNGUARDED_AVAILABILITY = YES_AGGRESSIVE;
				CODE_SIGN_IDENTITY = "iPhone Developer";
				CODE_SIGN_STYLE = Automatic;
				DEVELOPMENT_TEAM = "";
				GCC_C_LANGUAGE_STANDARD = gnu11;
				INFOPLIST_FILE = UIImageColorsExample/Info.plist;
				IPHONEOS_DEPLOYMENT_TARGET = 11.1;
				LD_RUNPATH_SEARCH_PATHS = "$(inherited) @executable_path/Frameworks";
				PRODUCT_BUNDLE_IDENTIFIER = com.jathu.UIImageColorsExample;
				PRODUCT_NAME = "$(TARGET_NAME)";
				SWIFT_SWIFT3_OBJC_INFERENCE = Default;
				SWIFT_VERSION = 4.2;
				TARGETED_DEVICE_FAMILY = "1,2";
			};
			name = Release;
		};
		B57E061521F484E0001D5009 /* Debug */ = {
			isa = XCBuildConfiguration;
			buildSettings = {
				CLANG_ANALYZER_NUMBER_OBJECT_CONVERSION = YES_AGGRESSIVE;
				CLANG_CXX_LANGUAGE_STANDARD = "gnu++14";
				CLANG_ENABLE_OBJC_WEAK = YES;
				CLANG_WARN_UNGUARDED_AVAILABILITY = YES_AGGRESSIVE;
				CODE_SIGN_IDENTITY = "-";
				CODE_SIGN_STYLE = Automatic;
				COMBINE_HIDPI_IMAGES = YES;
				DEFINES_MODULE = YES;
				DYLIB_COMPATIBILITY_VERSION = 1;
				DYLIB_CURRENT_VERSION = 1;
				DYLIB_INSTALL_NAME_BASE = "@rpath";
				FRAMEWORK_VERSION = A;
				GCC_C_LANGUAGE_STANDARD = gnu11;
				INFOPLIST_FILE = NSImageColors/Info.plist;
				INSTALL_PATH = "$(LOCAL_LIBRARY_DIR)/Frameworks";
				LD_RUNPATH_SEARCH_PATHS = "$(inherited) @executable_path/../Frameworks @loader_path/Frameworks";
				MACOSX_DEPLOYMENT_TARGET = 10.11;
				MTL_ENABLE_DEBUG_INFO = INCLUDE_SOURCE;
				MTL_FAST_MATH = YES;
				PRODUCT_BUNDLE_IDENTIFIER = com.jathu.NSImageColors;
				PRODUCT_NAME = "$(TARGET_NAME:c99extidentifier)";
				SDKROOT = macosx;
				SKIP_INSTALL = YES;
				SWIFT_VERSION = 4.2;
			};
			name = Debug;
		};
		B57E061621F484E0001D5009 /* Release */ = {
			isa = XCBuildConfiguration;
			buildSettings = {
				CLANG_ANALYZER_NUMBER_OBJECT_CONVERSION = YES_AGGRESSIVE;
				CLANG_CXX_LANGUAGE_STANDARD = "gnu++14";
				CLANG_ENABLE_OBJC_WEAK = YES;
				CLANG_WARN_UNGUARDED_AVAILABILITY = YES_AGGRESSIVE;
				CODE_SIGN_IDENTITY = "-";
				CODE_SIGN_STYLE = Automatic;
				COMBINE_HIDPI_IMAGES = YES;
				DEFINES_MODULE = YES;
				DYLIB_COMPATIBILITY_VERSION = 1;
				DYLIB_CURRENT_VERSION = 1;
				DYLIB_INSTALL_NAME_BASE = "@rpath";
				FRAMEWORK_VERSION = A;
				GCC_C_LANGUAGE_STANDARD = gnu11;
				INFOPLIST_FILE = NSImageColors/Info.plist;
				INSTALL_PATH = "$(LOCAL_LIBRARY_DIR)/Frameworks";
				LD_RUNPATH_SEARCH_PATHS = "$(inherited) @executable_path/../Frameworks @loader_path/Frameworks";
				MACOSX_DEPLOYMENT_TARGET = 10.11;
				MTL_FAST_MATH = YES;
				PRODUCT_BUNDLE_IDENTIFIER = com.jathu.NSImageColors;
				PRODUCT_NAME = "$(TARGET_NAME:c99extidentifier)";
				SDKROOT = macosx;
				SKIP_INSTALL = YES;
				SWIFT_VERSION = 4.2;
			};
			name = Release;
		};
/* End XCBuildConfiguration section */

/* Begin XCConfigurationList section */
		035BC8371DAB9FED006CA9BE /* Build configuration list for PBXProject "UIImageColors" */ = {
			isa = XCConfigurationList;
			buildConfigurations = (
				035BC8431DAB9FED006CA9BE /* Debug */,
				035BC8441DAB9FED006CA9BE /* Release */,
			);
			defaultConfigurationIsVisible = 0;
			defaultConfigurationName = Release;
		};
		035BC8451DAB9FED006CA9BE /* Build configuration list for PBXNativeTarget "UIImageColors" */ = {
			isa = XCConfigurationList;
			buildConfigurations = (
				035BC8461DAB9FED006CA9BE /* Debug */,
				035BC8471DAB9FED006CA9BE /* Release */,
			);
			defaultConfigurationIsVisible = 0;
			defaultConfigurationName = Release;
		};
		87A73ED61FD0913A00EE147D /* Build configuration list for PBXNativeTarget "UIImageColorsExample" */ = {
			isa = XCConfigurationList;
			buildConfigurations = (
				87A73ED41FD0913A00EE147D /* Debug */,
				87A73ED51FD0913A00EE147D /* Release */,
			);
			defaultConfigurationIsVisible = 0;
			defaultConfigurationName = Release;
		};
		B57E061421F484E0001D5009 /* Build configuration list for PBXNativeTarget "NSImageColors" */ = {
			isa = XCConfigurationList;
			buildConfigurations = (
				B57E061521F484E0001D5009 /* Debug */,
				B57E061621F484E0001D5009 /* Release */,
			);
			defaultConfigurationIsVisible = 0;
			defaultConfigurationName = Release;
		};
/* End XCConfigurationList section */
	};
	rootObject = 035BC8341DAB9FED006CA9BE /* Project object */;
}
