// !$*UTF8*$!
{
	archiveVersion = 1;
	classes = {
	};
	objectVersion = 55;
	objects = {

/* Begin PBXBuildFile section */
		9D125897271B53E90027A760 /* main.swift in Sources */ = {isa = PBXBuildFile; fileRef = 9D125896271B53E90027A760 /* main.swift */; };
		9D6B3BF1271921E200B4BD5F /* Assets.xcassets in Resources */ = {isa = PBXBuildFile; fileRef = 9D6B3BF0271921E200B4BD5F /* Assets.xcassets */; };
		9D6B3BF2271921E200B4BD5F /* Assets.xcassets in Resources */ = {isa = PBXBuildFile; fileRef = 9D6B3BF0271921E200B4BD5F /* Assets.xcassets */; };
		9D6B3BF3271921E200B4BD5F /* Assets.xcassets in Resources */ = {isa = PBXBuildFile; fileRef = 9D6B3BF0271921E200B4BD5F /* Assets.xcassets */; };
		9DAD3A1B27172AA00046BB86 /* Painting.swift in Sources */ = {isa = PBXBuildFile; fileRef = 9DAD3A1A27172AA00046BB86 /* Painting.swift */; };
		9DAD3A43271790550046BB86 /* AppDelegate.swift in Sources */ = {isa = PBXBuildFile; fileRef = 9DAD3A42271790550046BB86 /* AppDelegate.swift */; };
		9DAD3A45271790550046BB86 /* ViewController.swift in Sources */ = {isa = PBXBuildFile; fileRef = 9DAD3A44271790550046BB86 /* ViewController.swift */; };
		9DAD3A502717905C0046BB86 /* Painting.swift in Sources */ = {isa = PBXBuildFile; fileRef = 9DAD3A1A27172AA00046BB86 /* Painting.swift */; };
		9DAD3A652717B9830046BB86 /* Helpers.swift in Sources */ = {isa = PBXBuildFile; fileRef = 9DAD3A642717B9830046BB86 /* Helpers.swift */; };
		9DAD3A672717B9B50046BB86 /* PaintingViewController.swift in Sources */ = {isa = PBXBuildFile; fileRef = 9DAD3A662717B9B50046BB86 /* PaintingViewController.swift */; };
		9DAD3A702717BC650046BB86 /* AppDelegate.m in Sources */ = {isa = PBXBuildFile; fileRef = 9DAD3A6F2717BC650046BB86 /* AppDelegate.m */; };
		9DAD3A732717BC650046BB86 /* SceneDelegate.m in Sources */ = {isa = PBXBuildFile; fileRef = 9DAD3A722717BC650046BB86 /* SceneDelegate.m */; };
		9DAD3A762717BC650046BB86 /* ViewController.m in Sources */ = {isa = PBXBuildFile; fileRef = 9DAD3A752717BC650046BB86 /* ViewController.m */; };
		9DAD3A7E2717BC660046BB86 /* LaunchScreen.storyboard in Resources */ = {isa = PBXBuildFile; fileRef = 9DAD3A7C2717BC660046BB86 /* LaunchScreen.storyboard */; };
		9DAD3A812717BC660046BB86 /* main.m in Sources */ = {isa = PBXBuildFile; fileRef = 9DAD3A802717BC660046BB86 /* main.m */; };
		9DAD3A8A2718848B0046BB86 /* UIImageColorsObjc in Frameworks */ = {isa = PBXBuildFile; productRef = 9DAD3A892718848B0046BB86 /* UIImageColorsObjc */; };
		9DAD3A8D27188C6A0046BB86 /* PaintingViewController.m in Sources */ = {isa = PBXBuildFile; fileRef = 9DAD3A8C27188C6A0046BB86 /* PaintingViewController.m */; };
		9DAD3A8F27188DF60046BB86 /* Painting.swift in Sources */ = {isa = PBXBuildFile; fileRef = 9DAD3A1A27172AA00046BB86 /* Painting.swift */; };
		9DCF283027235D1D00B62295 /* UIImageColors in Frameworks */ = {isa = PBXBuildFile; productRef = 9DCF282F27235D1D00B62295 /* UIImageColors */; };
		9DCF28322723699D00B62295 /* PaintingItem.swift in Sources */ = {isa = PBXBuildFile; fileRef = 9DCF28312723699D00B62295 /* PaintingItem.swift */; };
		9DCF283827236A0500B62295 /* NSLabel.swift in Sources */ = {isa = PBXBuildFile; fileRef = 9DCF283727236A0500B62295 /* NSLabel.swift */; };
		9DCF284127249AD300B62295 /* AppDelegate.m in Sources */ = {isa = PBXBuildFile; fileRef = 9DCF284027249AD300B62295 /* AppDelegate.m */; };
		9DCF284427249AD300B62295 /* ViewController.m in Sources */ = {isa = PBXBuildFile; fileRef = 9DCF284327249AD300B62295 /* ViewController.m */; };
		9DCF284B27249AD400B62295 /* main.m in Sources */ = {isa = PBXBuildFile; fileRef = 9DCF284A27249AD400B62295 /* main.m */; };
		9DCF28522724A19000B62295 /* NSLabel.m in Sources */ = {isa = PBXBuildFile; fileRef = 9DCF28512724A19000B62295 /* NSLabel.m */; };
		9DCF28552724A34500B62295 /* PaintingItem.m in Sources */ = {isa = PBXBuildFile; fileRef = 9DCF28542724A34500B62295 /* PaintingItem.m */; };
		9DCF28562724A90900B62295 /* Assets.xcassets in Resources */ = {isa = PBXBuildFile; fileRef = 9D6B3BF0271921E200B4BD5F /* Assets.xcassets */; };
		9DCF28572724A90900B62295 /* Painting.swift in Sources */ = {isa = PBXBuildFile; fileRef = 9DAD3A1A27172AA00046BB86 /* Painting.swift */; };
		9DCF28592724AF0D00B62295 /* UIImageColorsObjc in Frameworks */ = {isa = PBXBuildFile; productRef = 9DCF28582724AF0D00B62295 /* UIImageColorsObjc */; };
		9DE2C92C2713874200B99BDF /* AppDelegate.swift in Sources */ = {isa = PBXBuildFile; fileRef = 9DE2C92B2713874200B99BDF /* AppDelegate.swift */; };
		9DE2C92E2713874200B99BDF /* SceneDelegate.swift in Sources */ = {isa = PBXBuildFile; fileRef = 9DE2C92D2713874200B99BDF /* SceneDelegate.swift */; };
		9DE2C9302713874200B99BDF /* ViewController.swift in Sources */ = {isa = PBXBuildFile; fileRef = 9DE2C92F2713874200B99BDF /* ViewController.swift */; };
		9DE2C9382713874300B99BDF /* LaunchScreen.storyboard in Resources */ = {isa = PBXBuildFile; fileRef = 9DE2C9362713874300B99BDF /* LaunchScreen.storyboard */; };
		9DE2C9582713886600B99BDF /* UIImageColors in Frameworks */ = {isa = PBXBuildFile; productRef = 9DE2C9572713886600B99BDF /* UIImageColors */; };
/* End PBXBuildFile section */

/* Begin PBXFileReference section */
		9D125896271B53E90027A760 /* main.swift */ = {isa = PBXFileReference; lastKnownFileType = sourcecode.swift; path = main.swift; sourceTree = "<group>"; };
		9D6B3BF0271921E200B4BD5F /* Assets.xcassets */ = {isa = PBXFileReference; lastKnownFileType = folder.assetcatalog; path = Assets.xcassets; sourceTree = "<group>"; };
		9DAD3A1A27172AA00046BB86 /* Painting.swift */ = {isa = PBXFileReference; lastKnownFileType = sourcecode.swift; path = Painting.swift; sourceTree = "<group>"; };
		9DAD3A40271790550046BB86 /* macOS.app */ = {isa = PBXFileReference; explicitFileType = wrapper.application; includeInIndex = 0; path = macOS.app; sourceTree = BUILT_PRODUCTS_DIR; };
		9DAD3A42271790550046BB86 /* AppDelegate.swift */ = {isa = PBXFileReference; lastKnownFileType = sourcecode.swift; path = AppDelegate.swift; sourceTree = "<group>"; };
		9DAD3A44271790550046BB86 /* ViewController.swift */ = {isa = PBXFileReference; lastKnownFileType = sourcecode.swift; path = ViewController.swift; sourceTree = "<group>"; };
		9DAD3A4B271790560046BB86 /* macOS.entitlements */ = {isa = PBXFileReference; lastKnownFileType = text.plist.entitlements; path = macOS.entitlements; sourceTree = "<group>"; };
		9DAD3A642717B9830046BB86 /* Helpers.swift */ = {isa = PBXFileReference; lastKnownFileType = sourcecode.swift; path = Helpers.swift; sourceTree = "<group>"; };
		9DAD3A662717B9B50046BB86 /* PaintingViewController.swift */ = {isa = PBXFileReference; lastKnownFileType = sourcecode.swift; path = PaintingViewController.swift; sourceTree = "<group>"; };
		9DAD3A6C2717BC650046BB86 /* iOS-Objective-C.app */ = {isa = PBXFileReference; explicitFileType = wrapper.application; includeInIndex = 0; path = "iOS-Objective-C.app"; sourceTree = BUILT_PRODUCTS_DIR; };
		9DAD3A6E2717BC650046BB86 /* AppDelegate.h */ = {isa = PBXFileReference; lastKnownFileType = sourcecode.c.h; path = AppDelegate.h; sourceTree = "<group>"; };
		9DAD3A6F2717BC650046BB86 /* AppDelegate.m */ = {isa = PBXFileReference; lastKnownFileType = sourcecode.c.objc; path = AppDelegate.m; sourceTree = "<group>"; };
		9DAD3A712717BC650046BB86 /* SceneDelegate.h */ = {isa = PBXFileReference; lastKnownFileType = sourcecode.c.h; path = SceneDelegate.h; sourceTree = "<group>"; };
		9DAD3A722717BC650046BB86 /* SceneDelegate.m */ = {isa = PBXFileReference; lastKnownFileType = sourcecode.c.objc; path = SceneDelegate.m; sourceTree = "<group>"; };
		9DAD3A742717BC650046BB86 /* ViewController.h */ = {isa = PBXFileReference; lastKnownFileType = sourcecode.c.h; path = ViewController.h; sourceTree = "<group>"; };
		9DAD3A752717BC650046BB86 /* ViewController.m */ = {isa = PBXFileReference; lastKnownFileType = sourcecode.c.objc; path = ViewController.m; sourceTree = "<group>"; };
		9DAD3A7D2717BC660046BB86 /* Base */ = {isa = PBXFileReference; lastKnownFileType = file.storyboard; name = Base; path = Base.lproj/LaunchScreen.storyboard; sourceTree = "<group>"; };
		9DAD3A7F2717BC660046BB86 /* Info.plist */ = {isa = PBXFileReference; lastKnownFileType = text.plist.xml; path = Info.plist; sourceTree = "<group>"; };
		9DAD3A802717BC660046BB86 /* main.m */ = {isa = PBXFileReference; lastKnownFileType = sourcecode.c.objc; path = main.m; sourceTree = "<group>"; };
		9DAD3A8B27188C6A0046BB86 /* PaintingViewController.h */ = {isa = PBXFileReference; lastKnownFileType = sourcecode.c.h; path = PaintingViewController.h; sourceTree = "<group>"; };
		9DAD3A8C27188C6A0046BB86 /* PaintingViewController.m */ = {isa = PBXFileReference; lastKnownFileType = sourcecode.c.objc; path = PaintingViewController.m; sourceTree = "<group>"; };
		9DCF28312723699D00B62295 /* PaintingItem.swift */ = {isa = PBXFileReference; lastKnownFileType = sourcecode.swift; path = PaintingItem.swift; sourceTree = "<group>"; };
		9DCF283727236A0500B62295 /* NSLabel.swift */ = {isa = PBXFileReference; lastKnownFileType = sourcecode.swift; path = NSLabel.swift; sourceTree = "<group>"; };
		9DCF283D27249AD300B62295 /* macOS-Objective-C.app */ = {isa = PBXFileReference; explicitFileType = wrapper.application; includeInIndex = 0; path = "macOS-Objective-C.app"; sourceTree = BUILT_PRODUCTS_DIR; };
		9DCF283F27249AD300B62295 /* AppDelegate.h */ = {isa = PBXFileReference; lastKnownFileType = sourcecode.c.h; path = AppDelegate.h; sourceTree = "<group>"; };
		9DCF284027249AD300B62295 /* AppDelegate.m */ = {isa = PBXFileReference; lastKnownFileType = sourcecode.c.objc; path = AppDelegate.m; sourceTree = "<group>"; };
		9DCF284227249AD300B62295 /* ViewController.h */ = {isa = PBXFileReference; lastKnownFileType = sourcecode.c.h; path = ViewController.h; sourceTree = "<group>"; };
		9DCF284327249AD300B62295 /* ViewController.m */ = {isa = PBXFileReference; lastKnownFileType = sourcecode.c.objc; path = ViewController.m; sourceTree = "<group>"; };
		9DCF284A27249AD400B62295 /* main.m */ = {isa = PBXFileReference; lastKnownFileType = sourcecode.c.objc; path = main.m; sourceTree = "<group>"; };
		9DCF284C27249AD400B62295 /* macOS_Objective_C.entitlements */ = {isa = PBXFileReference; lastKnownFileType = text.plist.entitlements; path = macOS_Objective_C.entitlements; sourceTree = "<group>"; };
		9DCF28502724A19000B62295 /* NSLabel.h */ = {isa = PBXFileReference; lastKnownFileType = sourcecode.c.h; path = NSLabel.h; sourceTree = "<group>"; };
		9DCF28512724A19000B62295 /* NSLabel.m */ = {isa = PBXFileReference; lastKnownFileType = sourcecode.c.objc; path = NSLabel.m; sourceTree = "<group>"; };
		9DCF28532724A34500B62295 /* PaintingItem.h */ = {isa = PBXFileReference; lastKnownFileType = sourcecode.c.h; path = PaintingItem.h; sourceTree = "<group>"; };
		9DCF28542724A34500B62295 /* PaintingItem.m */ = {isa = PBXFileReference; lastKnownFileType = sourcecode.c.objc; path = PaintingItem.m; sourceTree = "<group>"; };
		9DE2C9282713874200B99BDF /* iOS.app */ = {isa = PBXFileReference; explicitFileType = wrapper.application; includeInIndex = 0; path = iOS.app; sourceTree = BUILT_PRODUCTS_DIR; };
		9DE2C92B2713874200B99BDF /* AppDelegate.swift */ = {isa = PBXFileReference; lastKnownFileType = sourcecode.swift; path = AppDelegate.swift; sourceTree = "<group>"; };
		9DE2C92D2713874200B99BDF /* SceneDelegate.swift */ = {isa = PBXFileReference; lastKnownFileType = sourcecode.swift; path = SceneDelegate.swift; sourceTree = "<group>"; };
		9DE2C92F2713874200B99BDF /* ViewController.swift */ = {isa = PBXFileReference; lastKnownFileType = sourcecode.swift; path = ViewController.swift; sourceTree = "<group>"; };
		9DE2C9372713874300B99BDF /* Base */ = {isa = PBXFileReference; lastKnownFileType = file.storyboard; name = Base; path = Base.lproj/LaunchScreen.storyboard; sourceTree = "<group>"; };
		9DE2C9392713874300B99BDF /* Info.plist */ = {isa = PBXFileReference; lastKnownFileType = text.plist.xml; path = Info.plist; sourceTree = "<group>"; };
		9DE2C9552713881600B99BDF /* UIImageColors */ = {isa = PBXFileReference; lastKnownFileType = folder; name = UIImageColors; path = ..; sourceTree = "<group>"; };
/* End PBXFileReference section */

/* Begin PBXFrameworksBuildPhase section */
		9DAD3A3D271790550046BB86 /* Frameworks */ = {
			isa = PBXFrameworksBuildPhase;
			buildActionMask = 2147483647;
			files = (
				9DCF283027235D1D00B62295 /* UIImageColors in Frameworks */,
			);
			runOnlyForDeploymentPostprocessing = 0;
		};
		9DAD3A692717BC650046BB86 /* Frameworks */ = {
			isa = PBXFrameworksBuildPhase;
			buildActionMask = 2147483647;
			files = (
				9DAD3A8A2718848B0046BB86 /* UIImageColorsObjc in Frameworks */,
			);
			runOnlyForDeploymentPostprocessing = 0;
		};
		9DCF283A27249AD300B62295 /* Frameworks */ = {
			isa = PBXFrameworksBuildPhase;
			buildActionMask = 2147483647;
			files = (
				9DCF28592724AF0D00B62295 /* UIImageColorsObjc in Frameworks */,
			);
			runOnlyForDeploymentPostprocessing = 0;
		};
		9DE2C9252713874200B99BDF /* Frameworks */ = {
			isa = PBXFrameworksBuildPhase;
			buildActionMask = 2147483647;
			files = (
				9DE2C9582713886600B99BDF /* UIImageColors in Frameworks */,
			);
			runOnlyForDeploymentPostprocessing = 0;
		};
/* End PBXFrameworksBuildPhase section */

/* Begin PBXGroup section */
		9DAD3A41271790550046BB86 /* macOS */ = {
			isa = PBXGroup;
			children = (
				9D125896271B53E90027A760 /* main.swift */,
				9DAD3A42271790550046BB86 /* AppDelegate.swift */,
				9DAD3A44271790550046BB86 /* ViewController.swift */,
				9DCF28312723699D00B62295 /* PaintingItem.swift */,
				9DCF283727236A0500B62295 /* NSLabel.swift */,
				9DAD3A4B271790560046BB86 /* macOS.entitlements */,
			);
			path = macOS;
			sourceTree = "<group>";
		};
		9DAD3A6D2717BC650046BB86 /* iOS-Objective-C */ = {
			isa = PBXGroup;
			children = (
				9DAD3A6E2717BC650046BB86 /* AppDelegate.h */,
				9DAD3A6F2717BC650046BB86 /* AppDelegate.m */,
				9DAD3A712717BC650046BB86 /* SceneDelegate.h */,
				9DAD3A722717BC650046BB86 /* SceneDelegate.m */,
				9DAD3A742717BC650046BB86 /* ViewController.h */,
				9DAD3A752717BC650046BB86 /* ViewController.m */,
				9DAD3A8B27188C6A0046BB86 /* PaintingViewController.h */,
				9DAD3A8C27188C6A0046BB86 /* PaintingViewController.m */,
				9DAD3A7C2717BC660046BB86 /* LaunchScreen.storyboard */,
				9DAD3A7F2717BC660046BB86 /* Info.plist */,
				9DAD3A802717BC660046BB86 /* main.m */,
			);
			path = "iOS-Objective-C";
			sourceTree = "<group>";
		};
		9DCF283E27249AD300B62295 /* macOS-Objective-C */ = {
			isa = PBXGroup;
			children = (
				9DCF284A27249AD400B62295 /* main.m */,
				9DCF283F27249AD300B62295 /* AppDelegate.h */,
				9DCF284027249AD300B62295 /* AppDelegate.m */,
				9DCF284227249AD300B62295 /* ViewController.h */,
				9DCF284327249AD300B62295 /* ViewController.m */,
				9DCF28532724A34500B62295 /* PaintingItem.h */,
				9DCF28542724A34500B62295 /* PaintingItem.m */,
				9DCF28502724A19000B62295 /* NSLabel.h */,
				9DCF28512724A19000B62295 /* NSLabel.m */,
				9DCF284C27249AD400B62295 /* macOS_Objective_C.entitlements */,
			);
			path = "macOS-Objective-C";
			sourceTree = "<group>";
		};
		9DE2C91F2713874200B99BDF = {
			isa = PBXGroup;
			children = (
				9DE2C9542713881600B99BDF /* Packages */,
				9DE2C93F2713875200B99BDF /* Shared */,
				9DE2C92A2713874200B99BDF /* iOS */,
				9DAD3A6D2717BC650046BB86 /* iOS-Objective-C */,
				9DAD3A41271790550046BB86 /* macOS */,
				9DCF283E27249AD300B62295 /* macOS-Objective-C */,
				9DE2C9292713874200B99BDF /* Products */,
				9DE2C9562713886600B99BDF /* Frameworks */,
			);
			sourceTree = "<group>";
		};
		9DE2C9292713874200B99BDF /* Products */ = {
			isa = PBXGroup;
			children = (
				9DE2C9282713874200B99BDF /* iOS.app */,
				9DAD3A40271790550046BB86 /* macOS.app */,
				9DAD3A6C2717BC650046BB86 /* iOS-Objective-C.app */,
				9DCF283D27249AD300B62295 /* macOS-Objective-C.app */,
			);
			name = Products;
			sourceTree = "<group>";
		};
		9DE2C92A2713874200B99BDF /* iOS */ = {
			isa = PBXGroup;
			children = (
				9DE2C92B2713874200B99BDF /* AppDelegate.swift */,
				9DE2C92D2713874200B99BDF /* SceneDelegate.swift */,
				9DE2C92F2713874200B99BDF /* ViewController.swift */,
				9DAD3A662717B9B50046BB86 /* PaintingViewController.swift */,
				9DAD3A642717B9830046BB86 /* Helpers.swift */,
				9DE2C9362713874300B99BDF /* LaunchScreen.storyboard */,
				9DE2C9392713874300B99BDF /* Info.plist */,
			);
			path = iOS;
			sourceTree = "<group>";
		};
		9DE2C93F2713875200B99BDF /* Shared */ = {
			isa = PBXGroup;
			children = (
				9D6B3BF0271921E200B4BD5F /* Assets.xcassets */,
				9DAD3A1A27172AA00046BB86 /* Painting.swift */,
			);
			path = Shared;
			sourceTree = "<group>";
		};
		9DE2C9542713881600B99BDF /* Packages */ = {
			isa = PBXGroup;
			children = (
				9DE2C9552713881600B99BDF /* UIImageColors */,
			);
			name = Packages;
			sourceTree = "<group>";
		};
		9DE2C9562713886600B99BDF /* Frameworks */ = {
			isa = PBXGroup;
			children = (
			);
			name = Frameworks;
			sourceTree = "<group>";
		};
/* End PBXGroup section */

/* Begin PBXNativeTarget section */
		9DAD3A3F271790550046BB86 /* macOS */ = {
			isa = PBXNativeTarget;
			buildConfigurationList = 9DAD3A4C271790560046BB86 /* Build configuration list for PBXNativeTarget "macOS" */;
			buildPhases = (
				9DAD3A3C271790550046BB86 /* Sources */,
				9DAD3A3D271790550046BB86 /* Frameworks */,
				9DAD3A3E271790550046BB86 /* Resources */,
			);
			buildRules = (
			);
			dependencies = (
			);
			name = macOS;
			packageProductDependencies = (
				9DCF282F27235D1D00B62295 /* UIImageColors */,
			);
			productName = macOS;
			productReference = 9DAD3A40271790550046BB86 /* macOS.app */;
			productType = "com.apple.product-type.application";
		};
		9DAD3A6B2717BC650046BB86 /* iOS-Objective-C */ = {
			isa = PBXNativeTarget;
			buildConfigurationList = 9DAD3A822717BC660046BB86 /* Build configuration list for PBXNativeTarget "iOS-Objective-C" */;
			buildPhases = (
				9DAD3A682717BC650046BB86 /* Sources */,
				9DAD3A692717BC650046BB86 /* Frameworks */,
				9DAD3A6A2717BC650046BB86 /* Resources */,
			);
			buildRules = (
			);
			dependencies = (
			);
			name = "iOS-Objective-C";
			packageProductDependencies = (
				9DAD3A892718848B0046BB86 /* UIImageColorsObjc */,
			);
			productName = "iOS-Objective-C";
			productReference = 9DAD3A6C2717BC650046BB86 /* iOS-Objective-C.app */;
			productType = "com.apple.product-type.application";
		};
		9DCF283C27249AD300B62295 /* macOS-Objective-C */ = {
			isa = PBXNativeTarget;
			buildConfigurationList = 9DCF284D27249AD400B62295 /* Build configuration list for PBXNativeTarget "macOS-Objective-C" */;
			buildPhases = (
				9DCF283927249AD300B62295 /* Sources */,
				9DCF283A27249AD300B62295 /* Frameworks */,
				9DCF283B27249AD300B62295 /* Resources */,
			);
			buildRules = (
			);
			dependencies = (
			);
			name = "macOS-Objective-C";
			packageProductDependencies = (
				9DCF28582724AF0D00B62295 /* UIImageColorsObjc */,
			);
			productName = "macOS-Objective-C";
			productReference = 9DCF283D27249AD300B62295 /* macOS-Objective-C.app */;
			productType = "com.apple.product-type.application";
		};
		9DE2C9272713874200B99BDF /* iOS */ = {
			isa = PBXNativeTarget;
			buildConfigurationList = 9DE2C93C2713874300B99BDF /* Build configuration list for PBXNativeTarget "iOS" */;
			buildPhases = (
				9DE2C9242713874200B99BDF /* Sources */,
				9DE2C9252713874200B99BDF /* Frameworks */,
				9DE2C9262713874200B99BDF /* Resources */,
			);
			buildRules = (
			);
			dependencies = (
			);
			name = iOS;
			packageProductDependencies = (
				9DE2C9572713886600B99BDF /* UIImageColors */,
			);
			productName = Example;
			productReference = 9DE2C9282713874200B99BDF /* iOS.app */;
			productType = "com.apple.product-type.application";
		};
/* End PBXNativeTarget section */

/* Begin PBXProject section */
		9DE2C9202713874200B99BDF /* Project object */ = {
			isa = PBXProject;
			attributes = {
				BuildIndependentTargetsInParallel = 1;
				LastSwiftUpdateCheck = 1300;
				LastUpgradeCheck = 1300;
				TargetAttributes = {
					9DAD3A3F271790550046BB86 = {
						CreatedOnToolsVersion = 13.0;
					};
					9DAD3A6B2717BC650046BB86 = {
						CreatedOnToolsVersion = 13.0;
					};
					9DCF283C27249AD300B62295 = {
						CreatedOnToolsVersion = 13.0;
					};
					9DE2C9272713874200B99BDF = {
						CreatedOnToolsVersion = 13.0;
					};
				};
			};
			buildConfigurationList = 9DE2C9232713874200B99BDF /* Build configuration list for PBXProject "Example" */;
			compatibilityVersion = "Xcode 13.0";
			developmentRegion = en;
			hasScannedForEncodings = 0;
			knownRegions = (
				en,
				Base,
			);
			mainGroup = 9DE2C91F2713874200B99BDF;
			productRefGroup = 9DE2C9292713874200B99BDF /* Products */;
			projectDirPath = "";
			projectRoot = "";
			targets = (
				9DE2C9272713874200B99BDF /* iOS */,
				9DAD3A6B2717BC650046BB86 /* iOS-Objective-C */,
				9DAD3A3F271790550046BB86 /* macOS */,
				9DCF283C27249AD300B62295 /* macOS-Objective-C */,
			);
		};
/* End PBXProject section */

/* Begin PBXResourcesBuildPhase section */
		9DAD3A3E271790550046BB86 /* Resources */ = {
			isa = PBXResourcesBuildPhase;
			buildActionMask = 2147483647;
			files = (
				9D6B3BF2271921E200B4BD5F /* Assets.xcassets in Resources */,
			);
			runOnlyForDeploymentPostprocessing = 0;
		};
		9DAD3A6A2717BC650046BB86 /* Resources */ = {
			isa = PBXResourcesBuildPhase;
			buildActionMask = 2147483647;
			files = (
				9D6B3BF3271921E200B4BD5F /* Assets.xcassets in Resources */,
				9DAD3A7E2717BC660046BB86 /* LaunchScreen.storyboard in Resources */,
			);
			runOnlyForDeploymentPostprocessing = 0;
		};
		9DCF283B27249AD300B62295 /* Resources */ = {
			isa = PBXResourcesBuildPhase;
			buildActionMask = 2147483647;
			files = (
				9DCF28562724A90900B62295 /* Assets.xcassets in Resources */,
			);
			runOnlyForDeploymentPostprocessing = 0;
		};
		9DE2C9262713874200B99BDF /* Resources */ = {
			isa = PBXResourcesBuildPhase;
			buildActionMask = 2147483647;
			files = (
				9DE2C9382713874300B99BDF /* LaunchScreen.storyboard in Resources */,
				9D6B3BF1271921E200B4BD5F /* Assets.xcassets in Resources */,
			);
			runOnlyForDeploymentPostprocessing = 0;
		};
/* End PBXResourcesBuildPhase section */

/* Begin PBXSourcesBuildPhase section */
		9DAD3A3C271790550046BB86 /* Sources */ = {
			isa = PBXSourcesBuildPhase;
			buildActionMask = 2147483647;
			files = (
				9D125897271B53E90027A760 /* main.swift in Sources */,
				9DAD3A502717905C0046BB86 /* Painting.swift in Sources */,
				9DAD3A45271790550046BB86 /* ViewController.swift in Sources */,
				9DCF28322723699D00B62295 /* PaintingItem.swift in Sources */,
				9DAD3A43271790550046BB86 /* AppDelegate.swift in Sources */,
				9DCF283827236A0500B62295 /* NSLabel.swift in Sources */,
			);
			runOnlyForDeploymentPostprocessing = 0;
		};
		9DAD3A682717BC650046BB86 /* Sources */ = {
			isa = PBXSourcesBuildPhase;
			buildActionMask = 2147483647;
			files = (
				9DAD3A762717BC650046BB86 /* ViewController.m in Sources */,
				9DAD3A8D27188C6A0046BB86 /* PaintingViewController.m in Sources */,
				9DAD3A702717BC650046BB86 /* AppDelegate.m in Sources */,
				9DAD3A8F27188DF60046BB86 /* Painting.swift in Sources */,
				9DAD3A812717BC660046BB86 /* main.m in Sources */,
				9DAD3A732717BC650046BB86 /* SceneDelegate.m in Sources */,
			);
			runOnlyForDeploymentPostprocessing = 0;
		};
		9DCF283927249AD300B62295 /* Sources */ = {
			isa = PBXSourcesBuildPhase;
			buildActionMask = 2147483647;
			files = (
				9DCF284427249AD300B62295 /* ViewController.m in Sources */,
				9DCF28522724A19000B62295 /* NSLabel.m in Sources */,
				9DCF28552724A34500B62295 /* PaintingItem.m in Sources */,
				9DCF28572724A90900B62295 /* Painting.swift in Sources */,
				9DCF284B27249AD400B62295 /* main.m in Sources */,
				9DCF284127249AD300B62295 /* AppDelegate.m in Sources */,
			);
			runOnlyForDeploymentPostprocessing = 0;
		};
		9DE2C9242713874200B99BDF /* Sources */ = {
			isa = PBXSourcesBuildPhase;
			buildActionMask = 2147483647;
			files = (
				9DE2C9302713874200B99BDF /* ViewController.swift in Sources */,
				9DE2C92C2713874200B99BDF /* AppDelegate.swift in Sources */,
				9DAD3A672717B9B50046BB86 /* PaintingViewController.swift in Sources */,
				9DE2C92E2713874200B99BDF /* SceneDelegate.swift in Sources */,
				9DAD3A652717B9830046BB86 /* Helpers.swift in Sources */,
				9DAD3A1B27172AA00046BB86 /* Painting.swift in Sources */,
			);
			runOnlyForDeploymentPostprocessing = 0;
		};
/* End PBXSourcesBuildPhase section */

/* Begin PBXVariantGroup section */
		9DAD3A7C2717BC660046BB86 /* LaunchScreen.storyboard */ = {
			isa = PBXVariantGroup;
			children = (
				9DAD3A7D2717BC660046BB86 /* Base */,
			);
			name = LaunchScreen.storyboard;
			sourceTree = "<group>";
		};
		9DE2C9362713874300B99BDF /* LaunchScreen.storyboard */ = {
			isa = PBXVariantGroup;
			children = (
				9DE2C9372713874300B99BDF /* Base */,
			);
			name = LaunchScreen.storyboard;
			sourceTree = "<group>";
		};
/* End PBXVariantGroup section */

/* Begin XCBuildConfiguration section */
		9DAD3A4D271790560046BB86 /* Debug */ = {
			isa = XCBuildConfiguration;
			buildSettings = {
				ASSETCATALOG_COMPILER_APPICON_NAME = AppIcon;
				ASSETCATALOG_COMPILER_GLOBAL_ACCENT_COLOR_NAME = AccentColor;
				CODE_SIGN_ENTITLEMENTS = macOS/macOS.entitlements;
				CODE_SIGN_STYLE = Automatic;
				COMBINE_HIDPI_IMAGES = YES;
				CURRENT_PROJECT_VERSION = 1;
				DEVELOPMENT_TEAM = SF8L538SGU;
				ENABLE_HARDENED_RUNTIME = YES;
				GENERATE_INFOPLIST_FILE = YES;
				INFOPLIST_KEY_NSHumanReadableCopyright = "";
				INFOPLIST_KEY_NSPrincipalClass = NSApplication;
				LD_RUNPATH_SEARCH_PATHS = (
					"$(inherited)",
					"@executable_path/../Frameworks",
				);
				MACOSX_DEPLOYMENT_TARGET = 11.3;
				MARKETING_VERSION = 1.0;
				PRODUCT_BUNDLE_IDENTIFIER = com.felixherrmann.macOS;
				PRODUCT_NAME = "$(TARGET_NAME)";
				SDKROOT = macosx;
				SWIFT_EMIT_LOC_STRINGS = YES;
				SWIFT_VERSION = 5.0;
			};
			name = Debug;
		};
		9DAD3A4E271790560046BB86 /* Release */ = {
			isa = XCBuildConfiguration;
			buildSettings = {
				ASSETCATALOG_COMPILER_APPICON_NAME = AppIcon;
				ASSETCATALOG_COMPILER_GLOBAL_ACCENT_COLOR_NAME = AccentColor;
				CODE_SIGN_ENTITLEMENTS = macOS/macOS.entitlements;
				CODE_SIGN_STYLE = Automatic;
				COMBINE_HIDPI_IMAGES = YES;
				CURRENT_PROJECT_VERSION = 1;
				DEVELOPMENT_TEAM = SF8L538SGU;
				ENABLE_HARDENED_RUNTIME = YES;
				GENERATE_INFOPLIST_FILE = YES;
				INFOPLIST_KEY_NSHumanReadableCopyright = "";
				INFOPLIST_KEY_NSPrincipalClass = NSApplication;
				LD_RUNPATH_SEARCH_PATHS = (
					"$(inherited)",
					"@executable_path/../Frameworks",
				);
				MACOSX_DEPLOYMENT_TARGET = 11.3;
				MARKETING_VERSION = 1.0;
				PRODUCT_BUNDLE_IDENTIFIER = com.felixherrmann.macOS;
				PRODUCT_NAME = "$(TARGET_NAME)";
				SDKROOT = macosx;
				SWIFT_EMIT_LOC_STRINGS = YES;
				SWIFT_VERSION = 5.0;
			};
			name = Release;
		};
		9DAD3A832717BC660046BB86 /* Debug */ = {
			isa = XCBuildConfiguration;
			buildSettings = {
				ASSETCATALOG_COMPILER_APPICON_NAME = AppIcon;
				ASSETCATALOG_COMPILER_GLOBAL_ACCENT_COLOR_NAME = AccentColor;
				CODE_SIGN_STYLE = Automatic;
				CURRENT_PROJECT_VERSION = 1;
				DEFINES_MODULE = YES;
				DEVELOPMENT_TEAM = SF8L538SGU;
				GENERATE_INFOPLIST_FILE = YES;
				INFOPLIST_FILE = "iOS-Objective-C/Info.plist";
				INFOPLIST_KEY_UIApplicationSupportsIndirectInputEvents = YES;
				INFOPLIST_KEY_UILaunchStoryboardName = LaunchScreen;
				INFOPLIST_KEY_UISupportedInterfaceOrientations_iPad = "UIInterfaceOrientationPortrait UIInterfaceOrientationPortraitUpsideDown UIInterfaceOrientationLandscapeLeft UIInterfaceOrientationLandscapeRight";
				INFOPLIST_KEY_UISupportedInterfaceOrientations_iPhone = "UIInterfaceOrientationPortrait UIInterfaceOrientationLandscapeLeft UIInterfaceOrientationLandscapeRight";
				LD_RUNPATH_SEARCH_PATHS = (
					"$(inherited)",
					"@executable_path/Frameworks",
				);
				MARKETING_VERSION = 1.0;
				PRODUCT_BUNDLE_IDENTIFIER = "com.felixherrmann.iOS-Objective-C";
				PRODUCT_NAME = "$(TARGET_NAME)";
				SWIFT_EMIT_LOC_STRINGS = YES;
				SWIFT_VERSION = 5.0;
				TARGETED_DEVICE_FAMILY = "1,2";
			};
			name = Debug;
		};
		9DAD3A842717BC660046BB86 /* Release */ = {
			isa = XCBuildConfiguration;
			buildSettings = {
				ASSETCATALOG_COMPILER_APPICON_NAME = AppIcon;
				ASSETCATALOG_COMPILER_GLOBAL_ACCENT_COLOR_NAME = AccentColor;
				CODE_SIGN_STYLE = Automatic;
				CURRENT_PROJECT_VERSION = 1;
				DEFINES_MODULE = YES;
				DEVELOPMENT_TEAM = SF8L538SGU;
				GENERATE_INFOPLIST_FILE = YES;
				INFOPLIST_FILE = "iOS-Objective-C/Info.plist";
				INFOPLIST_KEY_UIApplicationSupportsIndirectInputEvents = YES;
				INFOPLIST_KEY_UILaunchStoryboardName = LaunchScreen;
				INFOPLIST_KEY_UISupportedInterfaceOrientations_iPad = "UIInterfaceOrientationPortrait UIInterfaceOrientationPortraitUpsideDown UIInterfaceOrientationLandscapeLeft UIInterfaceOrientationLandscapeRight";
				INFOPLIST_KEY_UISupportedInterfaceOrientations_iPhone = "UIInterfaceOrientationPortrait UIInterfaceOrientationLandscapeLeft UIInterfaceOrientationLandscapeRight";
				LD_RUNPATH_SEARCH_PATHS = (
					"$(inherited)",
					"@executable_path/Frameworks",
				);
				MARKETING_VERSION = 1.0;
				PRODUCT_BUNDLE_IDENTIFIER = "com.felixherrmann.iOS-Objective-C";
				PRODUCT_NAME = "$(TARGET_NAME)";
				SWIFT_EMIT_LOC_STRINGS = YES;
				SWIFT_VERSION = 5.0;
				TARGETED_DEVICE_FAMILY = "1,2";
			};
			name = Release;
		};
		9DCF284E27249AD400B62295 /* Debug */ = {
			isa = XCBuildConfiguration;
			buildSettings = {
				ASSETCATALOG_COMPILER_APPICON_NAME = AppIcon;
				ASSETCATALOG_COMPILER_GLOBAL_ACCENT_COLOR_NAME = AccentColor;
				CODE_SIGN_ENTITLEMENTS = "macOS-Objective-C/macOS_Objective_C.entitlements";
				CODE_SIGN_STYLE = Automatic;
				COMBINE_HIDPI_IMAGES = YES;
				CURRENT_PROJECT_VERSION = 1;
				DEVELOPMENT_TEAM = SF8L538SGU;
				ENABLE_HARDENED_RUNTIME = YES;
				GENERATE_INFOPLIST_FILE = YES;
				INFOPLIST_KEY_NSHumanReadableCopyright = "";
				INFOPLIST_KEY_NSPrincipalClass = NSApplication;
				LD_RUNPATH_SEARCH_PATHS = (
					"$(inherited)",
					"@executable_path/../Frameworks",
				);
				MACOSX_DEPLOYMENT_TARGET = 11.3;
				MARKETING_VERSION = 1.0;
				PRODUCT_BUNDLE_IDENTIFIER = "com.felixherrmann.macOS-Objective-C";
				PRODUCT_NAME = "$(TARGET_NAME)";
				SDKROOT = macosx;
				SWIFT_EMIT_LOC_STRINGS = YES;
				SWIFT_VERSION = 5.0;
			};
			name = Debug;
		};
		9DCF284F27249AD400B62295 /* Release */ = {
			isa = XCBuildConfiguration;
			buildSettings = {
				ASSETCATALOG_COMPILER_APPICON_NAME = AppIcon;
				ASSETCATALOG_COMPILER_GLOBAL_ACCENT_COLOR_NAME = AccentColor;
				CODE_SIGN_ENTITLEMENTS = "macOS-Objective-C/macOS_Objective_C.entitlements";
				CODE_SIGN_STYLE = Automatic;
				COMBINE_HIDPI_IMAGES = YES;
				CURRENT_PROJECT_VERSION = 1;
				DEVELOPMENT_TEAM = SF8L538SGU;
				ENABLE_HARDENED_RUNTIME = YES;
				GENERATE_INFOPLIST_FILE = YES;
				INFOPLIST_KEY_NSHumanReadableCopyright = "";
				INFOPLIST_KEY_NSPrincipalClass = NSApplication;
				LD_RUNPATH_SEARCH_PATHS = (
					"$(inherited)",
					"@executable_path/../Frameworks",
				);
				MACOSX_DEPLOYMENT_TARGET = 11.3;
				MARKETING_VERSION = 1.0;
				PRODUCT_BUNDLE_IDENTIFIER = "com.felixherrmann.macOS-Objective-C";
				PRODUCT_NAME = "$(TARGET_NAME)";
				SDKROOT = macosx;
				SWIFT_EMIT_LOC_STRINGS = YES;
				SWIFT_VERSION = 5.0;
			};
			name = Release;
		};
		9DE2C93A2713874300B99BDF /* Debug */ = {
			isa = XCBuildConfiguration;
			buildSettings = {
				ALWAYS_SEARCH_USER_PATHS = NO;
				CLANG_ANALYZER_NONNULL = YES;
				CLANG_ANALYZER_NUMBER_OBJECT_CONVERSION = YES_AGGRESSIVE;
				CLANG_CXX_LANGUAGE_STANDARD = "gnu++17";
				CLANG_CXX_LIBRARY = "libc++";
				CLANG_ENABLE_MODULES = YES;
				CLANG_ENABLE_OBJC_ARC = YES;
				CLANG_ENABLE_OBJC_WEAK = YES;
				CLANG_WARN_BLOCK_CAPTURE_AUTORELEASING = YES;
				CLANG_WARN_BOOL_CONVERSION = YES;
				CLANG_WARN_COMMA = YES;
				CLANG_WARN_CONSTANT_CONVERSION = YES;
				CLANG_WARN_DEPRECATED_OBJC_IMPLEMENTATIONS = YES;
				CLANG_WARN_DIRECT_OBJC_ISA_USAGE = YES_ERROR;
				CLANG_WARN_DOCUMENTATION_COMMENTS = YES;
				CLANG_WARN_EMPTY_BODY = YES;
				CLANG_WARN_ENUM_CONVERSION = YES;
				CLANG_WARN_INFINITE_RECURSION = YES;
				CLANG_WARN_INT_CONVERSION = YES;
				CLANG_WARN_NON_LITERAL_NULL_CONVERSION = YES;
				CLANG_WARN_OBJC_IMPLICIT_RETAIN_SELF = YES;
				CLANG_WARN_OBJC_LITERAL_CONVERSION = YES;
				CLANG_WARN_OBJC_ROOT_CLASS = YES_ERROR;
				CLANG_WARN_QUOTED_INCLUDE_IN_FRAMEWORK_HEADER = YES;
				CLANG_WARN_RANGE_LOOP_ANALYSIS = YES;
				CLANG_WARN_STRICT_PROTOTYPES = YES;
				CLANG_WARN_SUSPICIOUS_MOVE = YES;
				CLANG_WARN_UNGUARDED_AVAILABILITY = YES_AGGRESSIVE;
				CLANG_WARN_UNREACHABLE_CODE = YES;
				CLANG_WARN__DUPLICATE_METHOD_MATCH = YES;
				COPY_PHASE_STRIP = NO;
				DEBUG_INFORMATION_FORMAT = dwarf;
				ENABLE_STRICT_OBJC_MSGSEND = YES;
				ENABLE_TESTABILITY = YES;
				GCC_C_LANGUAGE_STANDARD = gnu11;
				GCC_DYNAMIC_NO_PIC = NO;
				GCC_NO_COMMON_BLOCKS = YES;
				GCC_OPTIMIZATION_LEVEL = 0;
				GCC_PREPROCESSOR_DEFINITIONS = (
					"DEBUG=1",
					"$(inherited)",
				);
				GCC_WARN_64_TO_32_BIT_CONVERSION = YES;
				GCC_WARN_ABOUT_RETURN_TYPE = YES_ERROR;
				GCC_WARN_UNDECLARED_SELECTOR = YES;
				GCC_WARN_UNINITIALIZED_AUTOS = YES_AGGRESSIVE;
				GCC_WARN_UNUSED_FUNCTION = YES;
				GCC_WARN_UNUSED_VARIABLE = YES;
				IPHONEOS_DEPLOYMENT_TARGET = 15.0;
				MTL_ENABLE_DEBUG_INFO = INCLUDE_SOURCE;
				MTL_FAST_MATH = YES;
				ONLY_ACTIVE_ARCH = YES;
				SDKROOT = iphoneos;
				SWIFT_ACTIVE_COMPILATION_CONDITIONS = DEBUG;
				SWIFT_OPTIMIZATION_LEVEL = "-Onone";
			};
			name = Debug;
		};
		9DE2C93B2713874300B99BDF /* Release */ = {
			isa = XCBuildConfiguration;
			buildSettings = {
				ALWAYS_SEARCH_USER_PATHS = NO;
				CLANG_ANALYZER_NONNULL = YES;
				CLANG_ANALYZER_NUMBER_OBJECT_CONVERSION = YES_AGGRESSIVE;
				CLANG_CXX_LANGUAGE_STANDARD = "gnu++17";
				CLANG_CXX_LIBRARY = "libc++";
				CLANG_ENABLE_MODULES = YES;
				CLANG_ENABLE_OBJC_ARC = YES;
				CLANG_ENABLE_OBJC_WEAK = YES;
				CLANG_WARN_BLOCK_CAPTURE_AUTORELEASING = YES;
				CLANG_WARN_BOOL_CONVERSION = YES;
				CLANG_WARN_COMMA = YES;
				CLANG_WARN_CONSTANT_CONVERSION = YES;
				CLANG_WARN_DEPRECATED_OBJC_IMPLEMENTATIONS = YES;
				CLANG_WARN_DIRECT_OBJC_ISA_USAGE = YES_ERROR;
				CLANG_WARN_DOCUMENTATION_COMMENTS = YES;
				CLANG_WARN_EMPTY_BODY = YES;
				CLANG_WARN_ENUM_CONVERSION = YES;
				CLANG_WARN_INFINITE_RECURSION = YES;
				CLANG_WARN_INT_CONVERSION = YES;
				CLANG_WARN_NON_LITERAL_NULL_CONVERSION = YES;
				CLANG_WARN_OBJC_IMPLICIT_RETAIN_SELF = YES;
				CLANG_WARN_OBJC_LITERAL_CONVERSION = YES;
				CLANG_WARN_OBJC_ROOT_CLASS = YES_ERROR;
				CLANG_WARN_QUOTED_INCLUDE_IN_FRAMEWORK_HEADER = YES;
				CLANG_WARN_RANGE_LOOP_ANALYSIS = YES;
				CLANG_WARN_STRICT_PROTOTYPES = YES;
				CLANG_WARN_SUSPICIOUS_MOVE = YES;
				CLANG_WARN_UNGUARDED_AVAILABILITY = YES_AGGRESSIVE;
				CLANG_WARN_UNREACHABLE_CODE = YES;
				CLANG_WARN__DUPLICATE_METHOD_MATCH = YES;
				COPY_PHASE_STRIP = NO;
				DEBUG_INFORMATION_FORMAT = "dwarf-with-dsym";
				ENABLE_NS_ASSERTIONS = NO;
				ENABLE_STRICT_OBJC_MSGSEND = YES;
				GCC_C_LANGUAGE_STANDARD = gnu11;
				GCC_NO_COMMON_BLOCKS = YES;
				GCC_WARN_64_TO_32_BIT_CONVERSION = YES;
				GCC_WARN_ABOUT_RETURN_TYPE = YES_ERROR;
				GCC_WARN_UNDECLARED_SELECTOR = YES;
				GCC_WARN_UNINITIALIZED_AUTOS = YES_AGGRESSIVE;
				GCC_WARN_UNUSED_FUNCTION = YES;
				GCC_WARN_UNUSED_VARIABLE = YES;
				IPHONEOS_DEPLOYMENT_TARGET = 15.0;
				MTL_ENABLE_DEBUG_INFO = NO;
				MTL_FAST_MATH = YES;
				SDKROOT = iphoneos;
				SWIFT_COMPILATION_MODE = wholemodule;
				SWIFT_OPTIMIZATION_LEVEL = "-O";
				VALIDATE_PRODUCT = YES;
			};
			name = Release;
		};
		9DE2C93D2713874300B99BDF /* Debug */ = {
			isa = XCBuildConfiguration;
			buildSettings = {
				ASSETCATALOG_COMPILER_APPICON_NAME = AppIcon;
				ASSETCATALOG_COMPILER_GLOBAL_ACCENT_COLOR_NAME = AccentColor;
				CODE_SIGN_STYLE = Automatic;
				CURRENT_PROJECT_VERSION = 1;
				DEVELOPMENT_TEAM = SF8L538SGU;
				GENERATE_INFOPLIST_FILE = YES;
				INFOPLIST_FILE = iOS/Info.plist;
				INFOPLIST_KEY_UIApplicationSupportsIndirectInputEvents = YES;
				INFOPLIST_KEY_UILaunchStoryboardName = LaunchScreen;
				INFOPLIST_KEY_UISupportedInterfaceOrientations_iPad = "UIInterfaceOrientationPortrait UIInterfaceOrientationPortraitUpsideDown UIInterfaceOrientationLandscapeLeft UIInterfaceOrientationLandscapeRight";
				INFOPLIST_KEY_UISupportedInterfaceOrientations_iPhone = "UIInterfaceOrientationPortrait UIInterfaceOrientationLandscapeLeft UIInterfaceOrientationLandscapeRight";
				LD_RUNPATH_SEARCH_PATHS = (
					"$(inherited)",
					"@executable_path/Frameworks",
				);
				MARKETING_VERSION = 1.0;
				PRODUCT_BUNDLE_IDENTIFIER = com.felixherrmann.Example;
				PRODUCT_NAME = "$(TARGET_NAME)";
				SWIFT_EMIT_LOC_STRINGS = YES;
				SWIFT_VERSION = 5.0;
				TARGETED_DEVICE_FAMILY = "1,2";
			};
			name = Debug;
		};
		9DE2C93E2713874300B99BDF /* Release */ = {
			isa = XCBuildConfiguration;
			buildSettings = {
				ASSETCATALOG_COMPILER_APPICON_NAME = AppIcon;
				ASSETCATALOG_COMPILER_GLOBAL_ACCENT_COLOR_NAME = AccentColor;
				CODE_SIGN_STYLE = Automatic;
				CURRENT_PROJECT_VERSION = 1;
				DEVELOPMENT_TEAM = SF8L538SGU;
				GENERATE_INFOPLIST_FILE = YES;
				INFOPLIST_FILE = iOS/Info.plist;
				INFOPLIST_KEY_UIApplicationSupportsIndirectInputEvents = YES;
				INFOPLIST_KEY_UILaunchStoryboardName = LaunchScreen;
				INFOPLIST_KEY_UISupportedInterfaceOrientations_iPad = "UIInterfaceOrientationPortrait UIInterfaceOrientationPortraitUpsideDown UIInterfaceOrientationLandscapeLeft UIInterfaceOrientationLandscapeRight";
				INFOPLIST_KEY_UISupportedInterfaceOrientations_iPhone = "UIInterfaceOrientationPortrait UIInterfaceOrientationLandscapeLeft UIInterfaceOrientationLandscapeRight";
				LD_RUNPATH_SEARCH_PATHS = (
					"$(inherited)",
					"@executable_path/Frameworks",
				);
				MARKETING_VERSION = 1.0;
				PRODUCT_BUNDLE_IDENTIFIER = com.felixherrmann.Example;
				PRODUCT_NAME = "$(TARGET_NAME)";
				SWIFT_EMIT_LOC_STRINGS = YES;
				SWIFT_VERSION = 5.0;
				TARGETED_DEVICE_FAMILY = "1,2";
			};
			name = Release;
		};
/* End XCBuildConfiguration section */

/* Begin XCConfigurationList section */
		9DAD3A4C271790560046BB86 /* Build configuration list for PBXNativeTarget "macOS" */ = {
			isa = XCConfigurationList;
			buildConfigurations = (
				9DAD3A4D271790560046BB86 /* Debug */,
				9DAD3A4E271790560046BB86 /* Release */,
			);
			defaultConfigurationIsVisible = 0;
			defaultConfigurationName = Release;
		};
		9DAD3A822717BC660046BB86 /* Build configuration list for PBXNativeTarget "iOS-Objective-C" */ = {
			isa = XCConfigurationList;
			buildConfigurations = (
				9DAD3A832717BC660046BB86 /* Debug */,
				9DAD3A842717BC660046BB86 /* Release */,
			);
			defaultConfigurationIsVisible = 0;
			defaultConfigurationName = Release;
		};
		9DCF284D27249AD400B62295 /* Build configuration list for PBXNativeTarget "macOS-Objective-C" */ = {
			isa = XCConfigurationList;
			buildConfigurations = (
				9DCF284E27249AD400B62295 /* Debug */,
				9DCF284F27249AD400B62295 /* Release */,
			);
			defaultConfigurationIsVisible = 0;
			defaultConfigurationName = Release;
		};
		9DE2C9232713874200B99BDF /* Build configuration list for PBXProject "Example" */ = {
			isa = XCConfigurationList;
			buildConfigurations = (
				9DE2C93A2713874300B99BDF /* Debug */,
				9DE2C93B2713874300B99BDF /* Release */,
			);
			defaultConfigurationIsVisible = 0;
			defaultConfigurationName = Release;
		};
		9DE2C93C2713874300B99BDF /* Build configuration list for PBXNativeTarget "iOS" */ = {
			isa = XCConfigurationList;
			buildConfigurations = (
				9DE2C93D2713874300B99BDF /* Debug */,
				9DE2C93E2713874300B99BDF /* Release */,
			);
			defaultConfigurationIsVisible = 0;
			defaultConfigurationName = Release;
		};
/* End XCConfigurationList section */

/* Begin XCSwiftPackageProductDependency section */
		9DAD3A892718848B0046BB86 /* UIImageColorsObjc */ = {
			isa = XCSwiftPackageProductDependency;
			productName = UIImageColorsObjc;
		};
		9DCF282F27235D1D00B62295 /* UIImageColors */ = {
			isa = XCSwiftPackageProductDependency;
			productName = UIImageColors;
		};
		9DCF28582724AF0D00B62295 /* UIImageColorsObjc */ = {
			isa = XCSwiftPackageProductDependency;
			productName = UIImageColorsObjc;
		};
		9DE2C9572713886600B99BDF /* UIImageColors */ = {
			isa = XCSwiftPackageProductDependency;
			productName = UIImageColors;
		};
/* End XCSwiftPackageProductDependency section */
	};
	rootObject = 9DE2C9202713874200B99BDF /* Project object */;
}
